{
  "requires": true,
  "lockfileVersion": 1,
  "dependencies": {
    "calculatorjs": {
      "version": "1.1.2",
      "resolved": "https://registry.npmjs.org/calculatorjs/-/calculatorjs-1.1.2.tgz",
      "integrity": "sha512-mXHbNfywJOwFvpqXFSfOQcj1W0ySp1c1ASqZbWoZPEG8nU6Nzpn2yszggrCH+WB79Qpyys5i4enrICAFeG1gGQ=="
    }
  }
}
